// !$*UTF8*$!
{
	archiveVersion = 1;
	classes = {
	};
	objectVersion = 50;
	objects = {

/* Begin PBXBuildFile section */
		8898A523211AD13D0011F68F /* AppDelegate.swift in Sources */ = {isa = PBXBuildFile; fileRef = 8898A522211AD13D0011F68F /* AppDelegate.swift */; };
		8898A525211AD13D0011F68F /* ViewController.swift in Sources */ = {isa = PBXBuildFile; fileRef = 8898A524211AD13D0011F68F /* ViewController.swift */; };
		8898A528211AD13D0011F68F /* Main.storyboard in Resources */ = {isa = PBXBuildFile; fileRef = 8898A526211AD13D0011F68F /* Main.storyboard */; };
		8898A52D211AD13D0011F68F /* Assets.xcassets in Resources */ = {isa = PBXBuildFile; fileRef = 8898A52C211AD13D0011F68F /* Assets.xcassets */; };
		8898A530211AD13D0011F68F /* LaunchScreen.storyboard in Resources */ = {isa = PBXBuildFile; fileRef = 8898A52E211AD13D0011F68F /* LaunchScreen.storyboard */; };
		CF1DA9D054AEF43CF7D00247 /* Pods_DependencyManager.framework in Frameworks */ = {isa = PBXBuildFile; fileRef = 0B15767D426353830F23EB12 /* Pods_DependencyManager.framework */; };
/* End PBXBuildFile section */

/* Begin PBXFileReference section */
		0B15767D426353830F23EB12 /* Pods_DependencyManager.framework */ = {isa = PBXFileReference; explicitFileType = wrapper.framework; includeInIndex = 0; path = Pods_DependencyManager.framework; sourceTree = BUILT_PRODUCTS_DIR; };
		457366C09C2BDC0894CA911D /* Pods-DependencyManager.debug.xcconfig */ = {isa = PBXFileReference; includeInIndex = 1; lastKnownFileType = text.xcconfig; name = "Pods-DependencyManager.debug.xcconfig"; path = "Pods/Target Support Files/Pods-DependencyManager/Pods-DependencyManager.debug.xcconfig"; sourceTree = "<group>"; };
		8898A51F211AD13D0011F68F /* DependencyManager.app */ = {isa = PBXFileReference; explicitFileType = wrapper.application; includeInIndex = 0; path = DependencyManager.app; sourceTree = BUILT_PRODUCTS_DIR; };
		8898A522211AD13D0011F68F /* AppDelegate.swift */ = {isa = PBXFileReference; lastKnownFileType = sourcecode.swift; path = AppDelegate.swift; sourceTree = "<group>"; };
		8898A524211AD13D0011F68F /* ViewController.swift */ = {isa = PBXFileReference; lastKnownFileType = sourcecode.swift; path = ViewController.swift; sourceTree = "<group>"; };
		8898A527211AD13D0011F68F /* Base */ = {isa = PBXFileReference; lastKnownFileType = file.storyboard; name = Base; path = Base.lproj/Main.storyboard; sourceTree = "<group>"; };
		8898A52C211AD13D0011F68F /* Assets.xcassets */ = {isa = PBXFileReference; lastKnownFileType = folder.assetcatalog; path = Assets.xcassets; sourceTree = "<group>"; };
		8898A52F211AD13D0011F68F /* Base */ = {isa = PBXFileReference; lastKnownFileType = file.storyboard; name = Base; path = Base.lproj/LaunchScreen.storyboard; sourceTree = "<group>"; };
		8898A531211AD13D0011F68F /* Info.plist */ = {isa = PBXFileReference; lastKnownFileType = text.plist.xml; path = Info.plist; sourceTree = "<group>"; };
		BB6792E8A127A953CFB638CC /* Pods-DependencyManager.release.xcconfig */ = {isa = PBXFileReference; includeInIndex = 1; lastKnownFileType = text.xcconfig; name = "Pods-DependencyManager.release.xcconfig"; path = "Pods/Target Support Files/Pods-DependencyManager/Pods-DependencyManager.release.xcconfig"; sourceTree = "<group>"; };
/* End PBXFileReference section */

/* Begin PBXFrameworksBuildPhase section */
		8898A51C211AD13D0011F68F /* Frameworks */ = {
			isa = PBXFrameworksBuildPhase;
			buildActionMask = 2147483647;
			files = (
				CF1DA9D054AEF43CF7D00247 /* Pods_DependencyManager.framework in Frameworks */,
			);
			runOnlyForDeploymentPostprocessing = 0;
		};
/* End PBXFrameworksBuildPhase section */

/* Begin PBXGroup section */
		26D2D6E17D2A876AE979DB8E /* Pods */ = {
			isa = PBXGroup;
			children = (
				457366C09C2BDC0894CA911D /* Pods-DependencyManager.debug.xcconfig */,
				BB6792E8A127A953CFB638CC /* Pods-DependencyManager.release.xcconfig */,
			);
			name = Pods;
			sourceTree = "<group>";
		};
		4223A02EE3496C640B0577DD /* Frameworks */ = {
			isa = PBXGroup;
			children = (
				0B15767D426353830F23EB12 /* Pods_DependencyManager.framework */,
			);
			name = Frameworks;
			sourceTree = "<group>";
		};
		8898A516211AD13D0011F68F = {
			isa = PBXGroup;
			children = (
				8898A521211AD13D0011F68F /* DependencyManager */,
				8898A520211AD13D0011F68F /* Products */,
				26D2D6E17D2A876AE979DB8E /* Pods */,
				4223A02EE3496C640B0577DD /* Frameworks */,
			);
			sourceTree = "<group>";
		};
		8898A520211AD13D0011F68F /* Products */ = {
			isa = PBXGroup;
			children = (
				8898A51F211AD13D0011F68F /* DependencyManager.app */,
			);
			name = Products;
			sourceTree = "<group>";
		};
		8898A521211AD13D0011F68F /* DependencyManager */ = {
			isa = PBXGroup;
			children = (
				8898A522211AD13D0011F68F /* AppDelegate.swift */,
				8898A524211AD13D0011F68F /* ViewController.swift */,
				8898A526211AD13D0011F68F /* Main.storyboard */,
				8898A52C211AD13D0011F68F /* Assets.xcassets */,
				8898A52E211AD13D0011F68F /* LaunchScreen.storyboard */,
				8898A531211AD13D0011F68F /* Info.plist */,
			);
			path = DependencyManager;
			sourceTree = "<group>";
		};
/* End PBXGroup section */

/* Begin PBXNativeTarget section */
		8898A51E211AD13D0011F68F /* DependencyManager */ = {
			isa = PBXNativeTarget;
			buildConfigurationList = 8898A534211AD13D0011F68F /* Build configuration list for PBXNativeTarget "DependencyManager" */;
			buildPhases = (
				C4E60EFFEC9E3D4E54F61F51 /* [CP] Check Pods Manifest.lock */,
				8898A51B211AD13D0011F68F /* Sources */,
				8898A51C211AD13D0011F68F /* Frameworks */,
				8898A51D211AD13D0011F68F /* Resources */,
				4E312CE86D0A849593EF3645 /* [CP] Embed Pods Frameworks */,
			);
			buildRules = (
			);
			dependencies = (
			);
			name = DependencyManager;
			productName = DependencyManager;
			productReference = 8898A51F211AD13D0011F68F /* DependencyManager.app */;
			productType = "com.apple.product-type.application";
		};
/* End PBXNativeTarget section */

/* Begin PBXProject section */
		8898A517211AD13D0011F68F /* Project object */ = {
			isa = PBXProject;
			attributes = {
				LastSwiftUpdateCheck = 0940;
				LastUpgradeCheck = 0940;
				ORGANIZATIONNAME = yanti;
				TargetAttributes = {
					8898A51E211AD13D0011F68F = {
						CreatedOnToolsVersion = 9.4.1;
					};
				};
			};
			buildConfigurationList = 8898A51A211AD13D0011F68F /* Build configuration list for PBXProject "DependencyManager" */;
			compatibilityVersion = "Xcode 9.3";
			developmentRegion = en;
			hasScannedForEncodings = 0;
			knownRegions = (
				en,
				Base,
			);
			mainGroup = 8898A516211AD13D0011F68F;
			productRefGroup = 8898A520211AD13D0011F68F /* Products */;
			projectDirPath = "";
			projectRoot = "";
			targets = (
				8898A51E211AD13D0011F68F /* DependencyManager */,
			);
		};
/* End PBXProject section */

/* Begin PBXResourcesBuildPhase section */
		8898A51D211AD13D0011F68F /* Resources */ = {
			isa = PBXResourcesBuildPhase;
			buildActionMask = 2147483647;
			files = (
				8898A530211AD13D0011F68F /* LaunchScreen.storyboard in Resources */,
				8898A52D211AD13D0011F68F /* Assets.xcassets in Resources */,
				8898A528211AD13D0011F68F /* Main.storyboard in Resources */,
			);
			runOnlyForDeploymentPostprocessing = 0;
		};
/* End PBXResourcesBuildPhase section */

/* Begin PBXShellScriptBuildPhase section */
		4E312CE86D0A849593EF3645 /* [CP] Embed Pods Frameworks */ = {
			isa = PBXShellScriptBuildPhase;
			buildActionMask = 2147483647;
			files = (
			);
			inputPaths = (
				"${SRCROOT}/Pods/Target Support Files/Pods-DependencyManager/Pods-DependencyManager-frameworks.sh",
				"${BUILT_PRODUCTS_DIR}/SVProgressHUD/SVProgressHUD.framework",
			);
			name = "[CP] Embed Pods Frameworks";
			outputPaths = (
				"${TARGET_BUILD_DIR}/${FRAMEWORKS_FOLDER_PATH}/SVProgressHUD.framework",
			);
			runOnlyForDeploymentPostprocessing = 0;
			shellPath = /bin/sh;
			shellScript = "\"${SRCROOT}/Pods/Target Support Files/Pods-DependencyManager/Pods-DependencyManager-frameworks.sh\"\n";
			showEnvVarsInLog = 0;
		};
		C4E60EFFEC9E3D4E54F61F51 /* [CP] Check Pods Manifest.lock */ = {
			isa = PBXShellScriptBuildPhase;
			buildActionMask = 2147483647;
			files = (
			);
			inputPaths = (
				"${PODS_PODFILE_DIR_PATH}/Podfile.lock",
				"${PODS_ROOT}/Manifest.lock",
			);
			name = "[CP] Check Pods Manifest.lock";
			outputPaths = (
				"$(DERIVED_FILE_DIR)/Pods-DependencyManager-checkManifestLockResult.txt",
			);
			runOnlyForDeploymentPostprocessing = 0;
			shellPath = /bin/sh;
			shellScript = "diff \"${PODS_PODFILE_DIR_PATH}/Podfile.lock\" \"${PODS_ROOT}/Manifest.lock\" > /dev/null\nif [ $? != 0 ] ; then\n    # print error to STDERR\n    echo \"error: The sandbox is not in sync with the Podfile.lock. Run 'pod install' or update your CocoaPods installation.\" >&2\n    exit 1\nfi\n# This output is used by Xcode 'outputs' to avoid re-running this script phase.\necho \"SUCCESS\" > \"${SCRIPT_OUTPUT_FILE_0}\"\n";
			showEnvVarsInLog = 0;
		};
/* End PBXShellScriptBuildPhase section */

/* Begin PBXSourcesBuildPhase section */
		8898A51B211AD13D0011F68F /* Sources */ = {
			isa = PBXSourcesBuildPhase;
			buildActionMask = 2147483647;
			files = (
				8898A525211AD13D0011F68F /* ViewController.swift in Sources */,
				8898A523211AD13D0011F68F /* AppDelegate.swift in Sources */,
			);
			runOnlyForDeploymentPostprocessing = 0;
		};
/* End PBXSourcesBuildPhase section */

/* Begin PBXVariantGroup section */
		8898A526211AD13D0011F68F /* Main.storyboard */ = {
			isa = PBXVariantGroup;
			children = (
				8898A527211AD13D0011F68F /* Base */,
			);
			name = Main.storyboard;
			sourceTree = "<group>";
		};
		8898A52E211AD13D0011F68F /* LaunchScreen.storyboard */ = {
			isa = PBXVariantGroup;
			children = (
				8898A52F211AD13D0011F68F /* Base */,
			);
			name = LaunchScreen.storyboard;
			sourceTree = "<group>";
		};
/* End PBXVariantGroup section */

/* Begin XCBuildConfiguration section */
		8898A532211AD13D0011F68F /* Debug */ = {
			isa = XCBuildConfiguration;
			buildSettings = {
				ALWAYS_SEARCH_USER_PATHS = NO;
				CLANG_ANALYZER_NONNULL = YES;
				CLANG_ANALYZER_NUMBER_OBJECT_CONVERSION = YES_AGGRESSIVE;
				CLANG_CXX_LANGUAGE_STANDARD = "gnu++14";
				CLANG_CXX_LIBRARY = "libc++";
				CLANG_ENABLE_MODULES = YES;
				CLANG_ENABLE_OBJC_ARC = YES;
				CLANG_ENABLE_OBJC_WEAK = YES;
				CLANG_WARN_BLOCK_CAPTURE_AUTORELEASING = YES;
				CLANG_WARN_BOOL_CONVERSION = YES;
				CLANG_WARN_COMMA = YES;
				CLANG_WARN_CONSTANT_CONVERSION = YES;
				CLANG_WARN_DEPRECATED_OBJC_IMPLEMENTATIONS = YES;
				CLANG_WARN_DIRECT_OBJC_ISA_USAGE = YES_ERROR;
				CLANG_WARN_DOCUMENTATION_COMMENTS = YES;
				CLANG_WARN_EMPTY_BODY = YES;
				CLANG_WARN_ENUM_CONVERSION = YES;
				CLANG_WARN_INFINITE_RECURSION = YES;
				CLANG_WARN_INT_CONVERSION = YES;
				CLANG_WARN_NON_LITERAL_NULL_CONVERSION = YES;
				CLANG_WARN_OBJC_IMPLICIT_RETAIN_SELF = YES;
				CLANG_WARN_OBJC_LITERAL_CONVERSION = YES;
				CLANG_WARN_OBJC_ROOT_CLASS = YES_ERROR;
				CLANG_WARN_RANGE_LOOP_ANALYSIS = YES;
				CLANG_WARN_STRICT_PROTOTYPES = YES;
				CLANG_WARN_SUSPICIOUS_MOVE = YES;
				CLANG_WARN_UNGUARDED_AVAILABILITY = YES_AGGRESSIVE;
				CLANG_WARN_UNREACHABLE_CODE = YES;
				CLANG_WARN__DUPLICATE_METHOD_MATCH = YES;
				CODE_SIGN_IDENTITY = "iPhone Developer";
				COPY_PHASE_STRIP = NO;
				DEBUG_INFORMATION_FORMAT = dwarf;
				ENABLE_STRICT_OBJC_MSGSEND = YES;
				ENABLE_TESTABILITY = YES;
				GCC_C_LANGUAGE_STANDARD = gnu11;
				GCC_DYNAMIC_NO_PIC = NO;
				GCC_NO_COMMON_BLOCKS = YES;
				GCC_OPTIMIZATION_LEVEL = 0;
				GCC_PREPROCESSOR_DEFINITIONS = (
					"DEBUG=1",
					"$(inherited)",
				);
				GCC_WARN_64_TO_32_BIT_CONVERSION = YES;
				GCC_WARN_ABOUT_RETURN_TYPE = YES_ERROR;
				GCC_WARN_UNDECLARED_SELECTOR = YES;
				GCC_WARN_UNINITIALIZED_AUTOS = YES_AGGRESSIVE;
				GCC_WARN_UNUSED_FUNCTION = YES;
				GCC_WARN_UNUSED_VARIABLE = YES;
				IPHONEOS_DEPLOYMENT_TARGET = 11.4;
				MTL_ENABLE_DEBUG_INFO = YES;
				ONLY_ACTIVE_ARCH = YES;
				SDKROOT = iphoneos;
				SWIFT_ACTIVE_COMPILATION_CONDITIONS = DEBUG;
				SWIFT_OPTIMIZATION_LEVEL = "-Onone";
			};
			name = Debug;
		};
		8898A533211AD13D0011F68F /* Release */ = {
			isa = XCBuildConfiguration;
			buildSettings = {
				ALWAYS_SEARCH_USER_PATHS = NO;
				CLANG_ANALYZER_NONNULL = YES;
				CLANG_ANALYZER_NUMBER_OBJECT_CONVERSION = YES_AGGRESSIVE;
				CLANG_CXX_LANGUAGE_STANDARD = "gnu++14";
				CLANG_CXX_LIBRARY = "libc++";
				CLANG_ENABLE_MODULES = YES;
				CLANG_ENABLE_OBJC_ARC = YES;
				CLANG_ENABLE_OBJC_WEAK = YES;
				CLANG_WARN_BLOCK_CAPTURE_AUTORELEASING = YES;
				CLANG_WARN_BOOL_CONVERSION = YES;
				CLANG_WARN_COMMA = YES;
				CLANG_WARN_CONSTANT_CONVERSION = YES;
				CLANG_WARN_DEPRECATED_OBJC_IMPLEMENTATIONS = YES;
				CLANG_WARN_DIRECT_OBJC_ISA_USAGE = YES_ERROR;
				CLANG_WARN_DOCUMENTATION_COMMENTS = YES;
				CLANG_WARN_EMPTY_BODY = YES;
				CLANG_WARN_ENUM_CONVERSION = YES;
				CLANG_WARN_INFINITE_RECURSION = YES;
				CLANG_WARN_INT_CONVERSION = YES;
				CLANG_WARN_NON_LITERAL_NULL_CONVERSION = YES;
				CLANG_WARN_OBJC_IMPLICIT_RETAIN_SELF = YES;
				CLANG_WARN_OBJC_LITERAL_CONVERSION = YES;
				CLANG_WARN_OBJC_ROOT_CLASS = YES_ERROR;
				CLANG_WARN_RANGE_LOOP_ANALYSIS = YES;
				CLANG_WARN_STRICT_PROTOTYPES = YES;
				CLANG_WARN_SUSPICIOUS_MOVE = YES;
				CLANG_WARN_UNGUARDED_AVAILABILITY = YES_AGGRESSIVE;
				CLANG_WARN_UNREACHABLE_CODE = YES;
				CLANG_WARN__DUPLICATE_METHOD_MATCH = YES;
				CODE_SIGN_IDENTITY = "iPhone Developer";
				COPY_PHASE_STRIP = NO;
				DEBUG_INFORMATION_FORMAT = "dwarf-with-dsym";
				ENABLE_NS_ASSERTIONS = NO;
				ENABLE_STRICT_OBJC_MSGSEND = YES;
				GCC_C_LANGUAGE_STANDARD = gnu11;
				GCC_NO_COMMON_BLOCKS = YES;
				GCC_WARN_64_TO_32_BIT_CONVERSION = YES;
				GCC_WARN_ABOUT_RETURN_TYPE = YES_ERROR;
				GCC_WARN_UNDECLARED_SELECTOR = YES;
				GCC_WARN_UNINITIALIZED_AUTOS = YES_AGGRESSIVE;
				GCC_WARN_UNUSED_FUNCTION = YES;
				GCC_WARN_UNUSED_VARIABLE = YES;
				IPHONEOS_DEPLOYMENT_TARGET = 11.4;
				MTL_ENABLE_DEBUG_INFO = NO;
				SDKROOT = iphoneos;
				SWIFT_COMPILATION_MODE = wholemodule;
				SWIFT_OPTIMIZATION_LEVEL = "-O";
				VALIDATE_PRODUCT = YES;
			};
			name = Release;
		};
		8898A535211AD13D0011F68F /* Debug */ = {
			isa = XCBuildConfiguration;
			baseConfigurationReference = 457366C09C2BDC0894CA911D /* Pods-DependencyManager.debug.xcconfig */;
			buildSettings = {
				ASSETCATALOG_COMPILER_APPICON_NAME = AppIcon;
				CODE_SIGN_STYLE = Automatic;
				INFOPLIST_FILE = DependencyManager/Info.plist;
				LD_RUNPATH_SEARCH_PATHS = (
					"$(inherited)",
					"@executable_path/Frameworks",
				);
				PRODUCT_BUNDLE_IDENTIFIER = dwi.yanti.DependencyManager;
				PRODUCT_NAME = "$(TARGET_NAME)";
				SWIFT_VERSION = 4.0;
				TARGETED_DEVICE_FAMILY = "1,2";
			};
			name = Debug;
		};
		8898A536211AD13D0011F68F /* Release */ = {
			isa = XCBuildConfiguration;
			baseConfigurationReference = BB6792E8A127A953CFB638CC /* Pods-DependencyManager.release.xcconfig */;
			buildSettings = {
				ASSETCATALOG_COMPILER_APPICON_NAME = AppIcon;
				CODE_SIGN_STYLE = Automatic;
				INFOPLIST_FILE = DependencyManager/Info.plist;
				LD_RUNPATH_SEARCH_PATHS = (
					"$(inherited)",
					"@executable_path/Frameworks",
				);
				PRODUCT_BUNDLE_IDENTIFIER = dwi.yanti.DependencyManager;
				PRODUCT_NAME = "$(TARGET_NAME)";
				SWIFT_VERSION = 4.0;
				TARGETED_DEVICE_FAMILY = "1,2";
			};
			name = Release;
		};
/* End XCBuildConfiguration section */

/* Begin XCConfigurationList section */
		8898A51A211AD13D0011F68F /* Build configuration list for PBXProject "DependencyManager" */ = {
			isa = XCConfigurationList;
			buildConfigurations = (
				8898A532211AD13D0011F68F /* Debug */,
				8898A533211AD13D0011F68F /* Release */,
			);
			defaultConfigurationIsVisible = 0;
			defaultConfigurationName = Release;
		};
		8898A534211AD13D0011F68F /* Build configuration list for PBXNativeTarget "DependencyManager" */ = {
			isa = XCConfigurationList;
			buildConfigurations = (
				8898A535211AD13D0011F68F /* Debug */,
				8898A536211AD13D0011F68F /* Release */,
			);
			defaultConfigurationIsVisible = 0;
			defaultConfigurationName = Release;
		};
/* End XCConfigurationList section */
	};
	rootObject = 8898A517211AD13D0011F68F /* Project object */;
}
